
Microsoft Visual Studio Solution File, Format Version 12.00
# Visual Studio Version 16
VisualStudioVersion = 16.0.30524.135
MinimumVisualStudioVersion = 15.0.26124.0
Project("{2150E333-8FDC-42A3-9474-1A3956D46DE8}") = "src", "src", "{E187A3F7-69EA-421E-9ACF-5FED1C031401}"
EndProject
Project("{2150E333-8FDC-42A3-9474-1A3956D46DE8}") = "black", "black", "{C6C92CC9-89CA-4CDB-889E-05A9907F4501}"
EndProject
Project("{9A19103F-16F7-4668-BE54-9A1E7A4F7556}") = "artiso.AdsdHotel.Black.Ambassador", "src\black\ambassador\artiso.AdsdHotel.Black.Ambassador.csproj", "{5FE50C0E-E238-45D8-AFC0-D4FD7EDC4ECF}"
EndProject
Project("{9A19103F-16F7-4668-BE54-9A1E7A4F7556}") = "artiso.AdsdHotel.Black.Commands", "src\black\commands\artiso.AdsdHotel.Black.Commands.csproj", "{6295B6F5-679A-4F11-9ABD-C7863885DD7B}"
EndProject
Project("{9A19103F-16F7-4668-BE54-9A1E7A4F7556}") = "artiso.AdsdHotel.Black.Contracts", "src\black\contracts\artiso.AdsdHotel.Black.Contracts.csproj", "{DEBC4A5E-550C-4751-8BF8-43409F76644A}"
EndProject
Project("{9A19103F-16F7-4668-BE54-9A1E7A4F7556}") = "artiso.AdsdHotel.Black.Messages", "src\black\messages\artiso.AdsdHotel.Black.Messages.csproj", "{72C151DA-D535-492E-8167-CDF0AE7D7F15}"
EndProject
Project("{9A19103F-16F7-4668-BE54-9A1E7A4F7556}") = "artiso.AdsdHotel.Black.Api", "src\black\api\artiso.AdsdHotel.Black.Api.csproj", "{9BA1C812-0C14-4649-BA15-BAE6C668619A}"
EndProject
Global
	GlobalSection(SolutionConfigurationPlatforms) = preSolution
		Debug|Any CPU = Debug|Any CPU
		Debug|x64 = Debug|x64
		Debug|x86 = Debug|x86
		Release|Any CPU = Release|Any CPU
		Release|x64 = Release|x64
		Release|x86 = Release|x86
	EndGlobalSection
	GlobalSection(ProjectConfigurationPlatforms) = postSolution
		{5FE50C0E-E238-45D8-AFC0-D4FD7EDC4ECF}.Debug|Any CPU.ActiveCfg = Debug|Any CPU
		{5FE50C0E-E238-45D8-AFC0-D4FD7EDC4ECF}.Debug|Any CPU.Build.0 = Debug|Any CPU
		{5FE50C0E-E238-45D8-AFC0-D4FD7EDC4ECF}.Debug|x64.ActiveCfg = Debug|Any CPU
		{5FE50C0E-E238-45D8-AFC0-D4FD7EDC4ECF}.Debug|x64.Build.0 = Debug|Any CPU
		{5FE50C0E-E238-45D8-AFC0-D4FD7EDC4ECF}.Debug|x86.ActiveCfg = Debug|Any CPU
		{5FE50C0E-E238-45D8-AFC0-D4FD7EDC4ECF}.Debug|x86.Build.0 = Debug|Any CPU
		{5FE50C0E-E238-45D8-AFC0-D4FD7EDC4ECF}.Release|Any CPU.ActiveCfg = Release|Any CPU
		{5FE50C0E-E238-45D8-AFC0-D4FD7EDC4ECF}.Release|Any CPU.Build.0 = Release|Any CPU
		{5FE50C0E-E238-45D8-AFC0-D4FD7EDC4ECF}.Release|x64.ActiveCfg = Release|Any CPU
		{5FE50C0E-E238-45D8-AFC0-D4FD7EDC4ECF}.Release|x64.Build.0 = Release|Any CPU
		{5FE50C0E-E238-45D8-AFC0-D4FD7EDC4ECF}.Release|x86.ActiveCfg = Release|Any CPU
		{5FE50C0E-E238-45D8-AFC0-D4FD7EDC4ECF}.Release|x86.Build.0 = Release|Any CPU
		{6295B6F5-679A-4F11-9ABD-C7863885DD7B}.Debug|Any CPU.ActiveCfg = Debug|Any CPU
		{6295B6F5-679A-4F11-9ABD-C7863885DD7B}.Debug|Any CPU.Build.0 = Debug|Any CPU
		{6295B6F5-679A-4F11-9ABD-C7863885DD7B}.Debug|x64.ActiveCfg = Debug|Any CPU
		{6295B6F5-679A-4F11-9ABD-C7863885DD7B}.Debug|x64.Build.0 = Debug|Any CPU
		{6295B6F5-679A-4F11-9ABD-C7863885DD7B}.Debug|x86.ActiveCfg = Debug|Any CPU
		{6295B6F5-679A-4F11-9ABD-C7863885DD7B}.Debug|x86.Build.0 = Debug|Any CPU
		{6295B6F5-679A-4F11-9ABD-C7863885DD7B}.Release|Any CPU.ActiveCfg = Release|Any CPU
		{6295B6F5-679A-4F11-9ABD-C7863885DD7B}.Release|Any CPU.Build.0 = Release|Any CPU
		{6295B6F5-679A-4F11-9ABD-C7863885DD7B}.Release|x64.ActiveCfg = Release|Any CPU
		{6295B6F5-679A-4F11-9ABD-C7863885DD7B}.Release|x64.Build.0 = Release|Any CPU
		{6295B6F5-679A-4F11-9ABD-C7863885DD7B}.Release|x86.ActiveCfg = Release|Any CPU
		{6295B6F5-679A-4F11-9ABD-C7863885DD7B}.Release|x86.Build.0 = Release|Any CPU
		{DEBC4A5E-550C-4751-8BF8-43409F76644A}.Debug|Any CPU.ActiveCfg = Debug|Any CPU
		{DEBC4A5E-550C-4751-8BF8-43409F76644A}.Debug|Any CPU.Build.0 = Debug|Any CPU
		{DEBC4A5E-550C-4751-8BF8-43409F76644A}.Debug|x64.ActiveCfg = Debug|Any CPU
		{DEBC4A5E-550C-4751-8BF8-43409F76644A}.Debug|x64.Build.0 = Debug|Any CPU
		{DEBC4A5E-550C-4751-8BF8-43409F76644A}.Debug|x86.ActiveCfg = Debug|Any CPU
		{DEBC4A5E-550C-4751-8BF8-43409F76644A}.Debug|x86.Build.0 = Debug|Any CPU
		{DEBC4A5E-550C-4751-8BF8-43409F76644A}.Release|Any CPU.ActiveCfg = Release|Any CPU
		{DEBC4A5E-550C-4751-8BF8-43409F76644A}.Release|Any CPU.Build.0 = Release|Any CPU
		{DEBC4A5E-550C-4751-8BF8-43409F76644A}.Release|x64.ActiveCfg = Release|Any CPU
		{DEBC4A5E-550C-4751-8BF8-43409F76644A}.Release|x64.Build.0 = Release|Any CPU
		{DEBC4A5E-550C-4751-8BF8-43409F76644A}.Release|x86.ActiveCfg = Release|Any CPU
		{DEBC4A5E-550C-4751-8BF8-43409F76644A}.Release|x86.Build.0 = Release|Any CPU
		{72C151DA-D535-492E-8167-CDF0AE7D7F15}.Debug|Any CPU.ActiveCfg = Debug|Any CPU
		{72C151DA-D535-492E-8167-CDF0AE7D7F15}.Debug|Any CPU.Build.0 = Debug|Any CPU
		{72C151DA-D535-492E-8167-CDF0AE7D7F15}.Debug|x64.ActiveCfg = Debug|Any CPU
		{72C151DA-D535-492E-8167-CDF0AE7D7F15}.Debug|x64.Build.0 = Debug|Any CPU
		{72C151DA-D535-492E-8167-CDF0AE7D7F15}.Debug|x86.ActiveCfg = Debug|Any CPU
		{72C151DA-D535-492E-8167-CDF0AE7D7F15}.Debug|x86.Build.0 = Debug|Any CPU
		{72C151DA-D535-492E-8167-CDF0AE7D7F15}.Release|Any CPU.ActiveCfg = Release|Any CPU
		{72C151DA-D535-492E-8167-CDF0AE7D7F15}.Release|Any CPU.Build.0 = Release|Any CPU
		{72C151DA-D535-492E-8167-CDF0AE7D7F15}.Release|x64.ActiveCfg = Release|Any CPU
		{72C151DA-D535-492E-8167-CDF0AE7D7F15}.Release|x64.Build.0 = Release|Any CPU
		{72C151DA-D535-492E-8167-CDF0AE7D7F15}.Release|x86.ActiveCfg = Release|Any CPU
		{72C151DA-D535-492E-8167-CDF0AE7D7F15}.Release|x86.Build.0 = Release|Any CPU
		{9BA1C812-0C14-4649-BA15-BAE6C668619A}.Debug|Any CPU.ActiveCfg = Debug|Any CPU
		{9BA1C812-0C14-4649-BA15-BAE6C668619A}.Debug|Any CPU.Build.0 = Debug|Any CPU
		{9BA1C812-0C14-4649-BA15-BAE6C668619A}.Debug|x64.ActiveCfg = Debug|Any CPU
		{9BA1C812-0C14-4649-BA15-BAE6C668619A}.Debug|x64.Build.0 = Debug|Any CPU
		{9BA1C812-0C14-4649-BA15-BAE6C668619A}.Debug|x86.ActiveCfg = Debug|Any CPU
		{9BA1C812-0C14-4649-BA15-BAE6C668619A}.Debug|x86.Build.0 = Debug|Any CPU
		{9BA1C812-0C14-4649-BA15-BAE6C668619A}.Release|Any CPU.ActiveCfg = Release|Any CPU
		{9BA1C812-0C14-4649-BA15-BAE6C668619A}.Release|Any CPU.Build.0 = Release|Any CPU
		{9BA1C812-0C14-4649-BA15-BAE6C668619A}.Release|x64.ActiveCfg = Release|Any CPU
		{9BA1C812-0C14-4649-BA15-BAE6C668619A}.Release|x64.Build.0 = Release|Any CPU
		{9BA1C812-0C14-4649-BA15-BAE6C668619A}.Release|x86.ActiveCfg = Release|Any CPU
		{9BA1C812-0C14-4649-BA15-BAE6C668619A}.Release|x86.Build.0 = Release|Any CPU
	EndGlobalSection
	GlobalSection(SolutionProperties) = preSolution
		HideSolutionNode = FALSE
	EndGlobalSection
	GlobalSection(NestedProjects) = preSolution
		{C6C92CC9-89CA-4CDB-889E-05A9907F4501} = {E187A3F7-69EA-421E-9ACF-5FED1C031401}
		{5FE50C0E-E238-45D8-AFC0-D4FD7EDC4ECF} = {C6C92CC9-89CA-4CDB-889E-05A9907F4501}
		{6295B6F5-679A-4F11-9ABD-C7863885DD7B} = {C6C92CC9-89CA-4CDB-889E-05A9907F4501}
		{DEBC4A5E-550C-4751-8BF8-43409F76644A} = {C6C92CC9-89CA-4CDB-889E-05A9907F4501}
		{72C151DA-D535-492E-8167-CDF0AE7D7F15} = {C6C92CC9-89CA-4CDB-889E-05A9907F4501}
		{9BA1C812-0C14-4649-BA15-BAE6C668619A} = {C6C92CC9-89CA-4CDB-889E-05A9907F4501}
	EndGlobalSection
	GlobalSection(ExtensibilityGlobals) = postSolution
		SolutionGuid = {3DC73723-4FEF-4F59-8880-D6E53DBF16B0}
	EndGlobalSection
EndGlobal
