
Microsoft Visual Studio Solution File, Format Version 12.00
# Visual Studio Version 16
VisualStudioVersion = 16.0.30611.23
MinimumVisualStudioVersion = 15.0.26124.0
Project("{9A19103F-16F7-4668-BE54-9A1E7A4F7556}") = "artiso.AdsdHotel.Blue.Ambassador", "src\ambassador\artiso.AdsdHotel.Blue.Ambassador.csproj", "{4102FB8B-A9E2-401A-9454-C512E8187561}"
EndProject
Project("{9A19103F-16F7-4668-BE54-9A1E7A4F7556}") = "artiso.AdsdHotel.Blue.Api", "src\api\artiso.AdsdHotel.Blue.Api.csproj", "{D84163D9-4767-4237-A9DB-36C4B5A22573}"
EndProject
Project("{9A19103F-16F7-4668-BE54-9A1E7A4F7556}") = "artiso.AdsdHotel.Blue.Commands", "src\commands\artiso.AdsdHotel.Blue.Commands.csproj", "{B4A528E3-F444-4283-978A-821BCA915F40}"
EndProject
Project("{9A19103F-16F7-4668-BE54-9A1E7A4F7556}") = "artiso.AdsdHotel.Blue.Contracts", "src\contracts\artiso.AdsdHotel.Blue.Contracts.csproj", "{81DBD6E3-60A7-4E71-8D3C-B2656D098234}"
EndProject
Project("{9A19103F-16F7-4668-BE54-9A1E7A4F7556}") = "artiso.AdsdHotel.Blue.Events", "src\events\artiso.AdsdHotel.Blue.Events.csproj", "{8931F5D0-49D8-411D-BD19-FEB16A820C32}"
EndProject
Project("{2150E333-8FDC-42A3-9474-1A3956D46DE8}") = "Solution Items", "Solution Items", "{589BF7D5-0261-4036-826B-F4BA64A0E13A}"
	ProjectSection(SolutionItems) = preProject
		tye.yaml = tye.yaml
	EndProjectSection
EndProject
Project("{9A19103F-16F7-4668-BE54-9A1E7A4F7556}") = "artiso.AdsdHotel.Blue.Consumer", "src\artiso.AdsdHotel.Blue.Consumer\artiso.AdsdHotel.Blue.Consumer.csproj", "{80386836-10AB-4B43-90B4-A0A337DC577A}"
EndProject
Project("{2150E333-8FDC-42A3-9474-1A3956D46DE8}") = "03.consumer", "03.consumer", "{F9773735-4C26-48F0-B419-BBD7505CE9B3}"
EndProject
Project("{2150E333-8FDC-42A3-9474-1A3956D46DE8}") = "02.api", "02.api", "{4B35E4BA-DA4F-49DF-8DA2-0712D25DEC5B}"
EndProject
Project("{2150E333-8FDC-42A3-9474-1A3956D46DE8}") = "01.dto", "01.dto", "{AF852D44-26C8-4A80-B504-04B4E0EE0E5F}"
EndProject
Project("{2150E333-8FDC-42A3-9474-1A3956D46DE8}") = "00.itops", "00.itops", "{D5F3E30F-A58C-4CDE-BA54-B7B6FA5D6BAC}"
EndProject
Project("{FAE04EC0-301F-11D3-BF4B-00C04F79EFBC}") = "artiso.AdsdHotel.ITOps", "src\itops\artiso.AdsdHotel.ITOps.csproj", "{1673F218-D266-4A6C-8DCD-AC011FEAB009}"
EndProject
Global
	GlobalSection(SolutionConfigurationPlatforms) = preSolution
		Debug|Any CPU = Debug|Any CPU
		Debug|x64 = Debug|x64
		Debug|x86 = Debug|x86
		Release|Any CPU = Release|Any CPU
		Release|x64 = Release|x64
		Release|x86 = Release|x86
	EndGlobalSection
	GlobalSection(ProjectConfigurationPlatforms) = postSolution
		{4102FB8B-A9E2-401A-9454-C512E8187561}.Debug|Any CPU.ActiveCfg = Debug|Any CPU
		{4102FB8B-A9E2-401A-9454-C512E8187561}.Debug|Any CPU.Build.0 = Debug|Any CPU
		{4102FB8B-A9E2-401A-9454-C512E8187561}.Debug|x64.ActiveCfg = Debug|Any CPU
		{4102FB8B-A9E2-401A-9454-C512E8187561}.Debug|x64.Build.0 = Debug|Any CPU
		{4102FB8B-A9E2-401A-9454-C512E8187561}.Debug|x86.ActiveCfg = Debug|Any CPU
		{4102FB8B-A9E2-401A-9454-C512E8187561}.Debug|x86.Build.0 = Debug|Any CPU
		{4102FB8B-A9E2-401A-9454-C512E8187561}.Release|Any CPU.ActiveCfg = Release|Any CPU
		{4102FB8B-A9E2-401A-9454-C512E8187561}.Release|Any CPU.Build.0 = Release|Any CPU
		{4102FB8B-A9E2-401A-9454-C512E8187561}.Release|x64.ActiveCfg = Release|Any CPU
		{4102FB8B-A9E2-401A-9454-C512E8187561}.Release|x64.Build.0 = Release|Any CPU
		{4102FB8B-A9E2-401A-9454-C512E8187561}.Release|x86.ActiveCfg = Release|Any CPU
		{4102FB8B-A9E2-401A-9454-C512E8187561}.Release|x86.Build.0 = Release|Any CPU
		{D84163D9-4767-4237-A9DB-36C4B5A22573}.Debug|Any CPU.ActiveCfg = Debug|Any CPU
		{D84163D9-4767-4237-A9DB-36C4B5A22573}.Debug|Any CPU.Build.0 = Debug|Any CPU
		{D84163D9-4767-4237-A9DB-36C4B5A22573}.Debug|x64.ActiveCfg = Debug|Any CPU
		{D84163D9-4767-4237-A9DB-36C4B5A22573}.Debug|x64.Build.0 = Debug|Any CPU
		{D84163D9-4767-4237-A9DB-36C4B5A22573}.Debug|x86.ActiveCfg = Debug|Any CPU
		{D84163D9-4767-4237-A9DB-36C4B5A22573}.Debug|x86.Build.0 = Debug|Any CPU
		{D84163D9-4767-4237-A9DB-36C4B5A22573}.Release|Any CPU.ActiveCfg = Release|Any CPU
		{D84163D9-4767-4237-A9DB-36C4B5A22573}.Release|Any CPU.Build.0 = Release|Any CPU
		{D84163D9-4767-4237-A9DB-36C4B5A22573}.Release|x64.ActiveCfg = Release|Any CPU
		{D84163D9-4767-4237-A9DB-36C4B5A22573}.Release|x64.Build.0 = Release|Any CPU
		{D84163D9-4767-4237-A9DB-36C4B5A22573}.Release|x86.ActiveCfg = Release|Any CPU
		{D84163D9-4767-4237-A9DB-36C4B5A22573}.Release|x86.Build.0 = Release|Any CPU
		{B4A528E3-F444-4283-978A-821BCA915F40}.Debug|Any CPU.ActiveCfg = Debug|Any CPU
		{B4A528E3-F444-4283-978A-821BCA915F40}.Debug|Any CPU.Build.0 = Debug|Any CPU
		{B4A528E3-F444-4283-978A-821BCA915F40}.Debug|x64.ActiveCfg = Debug|Any CPU
		{B4A528E3-F444-4283-978A-821BCA915F40}.Debug|x64.Build.0 = Debug|Any CPU
		{B4A528E3-F444-4283-978A-821BCA915F40}.Debug|x86.ActiveCfg = Debug|Any CPU
		{B4A528E3-F444-4283-978A-821BCA915F40}.Debug|x86.Build.0 = Debug|Any CPU
		{B4A528E3-F444-4283-978A-821BCA915F40}.Release|Any CPU.ActiveCfg = Release|Any CPU
		{B4A528E3-F444-4283-978A-821BCA915F40}.Release|Any CPU.Build.0 = Release|Any CPU
		{B4A528E3-F444-4283-978A-821BCA915F40}.Release|x64.ActiveCfg = Release|Any CPU
		{B4A528E3-F444-4283-978A-821BCA915F40}.Release|x64.Build.0 = Release|Any CPU
		{B4A528E3-F444-4283-978A-821BCA915F40}.Release|x86.ActiveCfg = Release|Any CPU
		{B4A528E3-F444-4283-978A-821BCA915F40}.Release|x86.Build.0 = Release|Any CPU
		{81DBD6E3-60A7-4E71-8D3C-B2656D098234}.Debug|Any CPU.ActiveCfg = Debug|Any CPU
		{81DBD6E3-60A7-4E71-8D3C-B2656D098234}.Debug|Any CPU.Build.0 = Debug|Any CPU
		{81DBD6E3-60A7-4E71-8D3C-B2656D098234}.Debug|x64.ActiveCfg = Debug|Any CPU
		{81DBD6E3-60A7-4E71-8D3C-B2656D098234}.Debug|x64.Build.0 = Debug|Any CPU
		{81DBD6E3-60A7-4E71-8D3C-B2656D098234}.Debug|x86.ActiveCfg = Debug|Any CPU
		{81DBD6E3-60A7-4E71-8D3C-B2656D098234}.Debug|x86.Build.0 = Debug|Any CPU
		{81DBD6E3-60A7-4E71-8D3C-B2656D098234}.Release|Any CPU.ActiveCfg = Release|Any CPU
		{81DBD6E3-60A7-4E71-8D3C-B2656D098234}.Release|Any CPU.Build.0 = Release|Any CPU
		{81DBD6E3-60A7-4E71-8D3C-B2656D098234}.Release|x64.ActiveCfg = Release|Any CPU
		{81DBD6E3-60A7-4E71-8D3C-B2656D098234}.Release|x64.Build.0 = Release|Any CPU
		{81DBD6E3-60A7-4E71-8D3C-B2656D098234}.Release|x86.ActiveCfg = Release|Any CPU
		{81DBD6E3-60A7-4E71-8D3C-B2656D098234}.Release|x86.Build.0 = Release|Any CPU
		{8931F5D0-49D8-411D-BD19-FEB16A820C32}.Debug|Any CPU.ActiveCfg = Debug|Any CPU
		{8931F5D0-49D8-411D-BD19-FEB16A820C32}.Debug|Any CPU.Build.0 = Debug|Any CPU
		{8931F5D0-49D8-411D-BD19-FEB16A820C32}.Debug|x64.ActiveCfg = Debug|Any CPU
		{8931F5D0-49D8-411D-BD19-FEB16A820C32}.Debug|x64.Build.0 = Debug|Any CPU
		{8931F5D0-49D8-411D-BD19-FEB16A820C32}.Debug|x86.ActiveCfg = Debug|Any CPU
		{8931F5D0-49D8-411D-BD19-FEB16A820C32}.Debug|x86.Build.0 = Debug|Any CPU
		{8931F5D0-49D8-411D-BD19-FEB16A820C32}.Release|Any CPU.ActiveCfg = Release|Any CPU
		{8931F5D0-49D8-411D-BD19-FEB16A820C32}.Release|Any CPU.Build.0 = Release|Any CPU
		{8931F5D0-49D8-411D-BD19-FEB16A820C32}.Release|x64.ActiveCfg = Release|Any CPU
		{8931F5D0-49D8-411D-BD19-FEB16A820C32}.Release|x64.Build.0 = Release|Any CPU
		{8931F5D0-49D8-411D-BD19-FEB16A820C32}.Release|x86.ActiveCfg = Release|Any CPU
		{8931F5D0-49D8-411D-BD19-FEB16A820C32}.Release|x86.Build.0 = Release|Any CPU
		{80386836-10AB-4B43-90B4-A0A337DC577A}.Debug|Any CPU.ActiveCfg = Debug|Any CPU
		{80386836-10AB-4B43-90B4-A0A337DC577A}.Debug|Any CPU.Build.0 = Debug|Any CPU
		{80386836-10AB-4B43-90B4-A0A337DC577A}.Debug|x64.ActiveCfg = Debug|Any CPU
		{80386836-10AB-4B43-90B4-A0A337DC577A}.Debug|x64.Build.0 = Debug|Any CPU
		{80386836-10AB-4B43-90B4-A0A337DC577A}.Debug|x86.ActiveCfg = Debug|Any CPU
		{80386836-10AB-4B43-90B4-A0A337DC577A}.Debug|x86.Build.0 = Debug|Any CPU
		{80386836-10AB-4B43-90B4-A0A337DC577A}.Release|Any CPU.ActiveCfg = Release|Any CPU
		{80386836-10AB-4B43-90B4-A0A337DC577A}.Release|Any CPU.Build.0 = Release|Any CPU
		{80386836-10AB-4B43-90B4-A0A337DC577A}.Release|x64.ActiveCfg = Release|Any CPU
		{80386836-10AB-4B43-90B4-A0A337DC577A}.Release|x64.Build.0 = Release|Any CPU
		{80386836-10AB-4B43-90B4-A0A337DC577A}.Release|x86.ActiveCfg = Release|Any CPU
		{80386836-10AB-4B43-90B4-A0A337DC577A}.Release|x86.Build.0 = Release|Any CPU
		{1673F218-D266-4A6C-8DCD-AC011FEAB009}.Debug|Any CPU.ActiveCfg = Debug|Any CPU
		{1673F218-D266-4A6C-8DCD-AC011FEAB009}.Debug|Any CPU.Build.0 = Debug|Any CPU
		{1673F218-D266-4A6C-8DCD-AC011FEAB009}.Debug|x64.ActiveCfg = Debug|Any CPU
		{1673F218-D266-4A6C-8DCD-AC011FEAB009}.Debug|x64.Build.0 = Debug|Any CPU
		{1673F218-D266-4A6C-8DCD-AC011FEAB009}.Debug|x86.ActiveCfg = Debug|Any CPU
		{1673F218-D266-4A6C-8DCD-AC011FEAB009}.Debug|x86.Build.0 = Debug|Any CPU
		{1673F218-D266-4A6C-8DCD-AC011FEAB009}.Release|Any CPU.ActiveCfg = Release|Any CPU
		{1673F218-D266-4A6C-8DCD-AC011FEAB009}.Release|Any CPU.Build.0 = Release|Any CPU
		{1673F218-D266-4A6C-8DCD-AC011FEAB009}.Release|x64.ActiveCfg = Release|Any CPU
		{1673F218-D266-4A6C-8DCD-AC011FEAB009}.Release|x64.Build.0 = Release|Any CPU
		{1673F218-D266-4A6C-8DCD-AC011FEAB009}.Release|x86.ActiveCfg = Release|Any CPU
		{1673F218-D266-4A6C-8DCD-AC011FEAB009}.Release|x86.Build.0 = Release|Any CPU
	EndGlobalSection
	GlobalSection(SolutionProperties) = preSolution
		HideSolutionNode = FALSE
	EndGlobalSection
	GlobalSection(NestedProjects) = preSolution
		{4102FB8B-A9E2-401A-9454-C512E8187561} = {F9773735-4C26-48F0-B419-BBD7505CE9B3}
		{D84163D9-4767-4237-A9DB-36C4B5A22573} = {4B35E4BA-DA4F-49DF-8DA2-0712D25DEC5B}
		{B4A528E3-F444-4283-978A-821BCA915F40} = {AF852D44-26C8-4A80-B504-04B4E0EE0E5F}
		{81DBD6E3-60A7-4E71-8D3C-B2656D098234} = {AF852D44-26C8-4A80-B504-04B4E0EE0E5F}
		{8931F5D0-49D8-411D-BD19-FEB16A820C32} = {AF852D44-26C8-4A80-B504-04B4E0EE0E5F}
		{80386836-10AB-4B43-90B4-A0A337DC577A} = {F9773735-4C26-48F0-B419-BBD7505CE9B3}
		{1673F218-D266-4A6C-8DCD-AC011FEAB009} = {D5F3E30F-A58C-4CDE-BA54-B7B6FA5D6BAC}
	EndGlobalSection
	GlobalSection(ExtensibilityGlobals) = postSolution
		SolutionGuid = {D60899CD-AFD6-45E1-AEE6-D76A99EBFF72}
	EndGlobalSection
EndGlobal
